
Microsoft Visual Studio Solution File, Format Version 12.00
# Visual Studio Version 17
VisualStudioVersion = 17.7.34302.85
MinimumVisualStudioVersion = 10.0.40219.1
Project("{9A19103F-16F7-4668-BE54-9A1E7A4F7556}") = "UI", "UI\UI.csproj", "{EB7C0D7B-A4DC-4467-AB6F-79A0C5729F1E}"
EndProject
Project("{9A19103F-16F7-4668-BE54-9A1E7A4F7556}") = "API", "API\API.csproj", "{E929C743-5DCA-4FDC-A6CE-73A436B1783B}"
EndProject
Project("{2150E333-8FDC-42A3-9474-1A3956D46DE8}") = "Solution Items", "Solution Items", "{86B217BD-A00F-4154-AE43-BDF0859A7D1F}"
	ProjectSection(SolutionItems) = preProject
		..\.gitignore = ..\.gitignore
		..\README.md = ..\README.md
	EndProjectSection
EndProject
Global
	GlobalSection(SolutionConfigurationPlatforms) = preSolution
		Debug|Any CPU = Debug|Any CPU
		Release|Any CPU = Release|Any CPU
	EndGlobalSection
	GlobalSection(ProjectConfigurationPlatforms) = postSolution
		{EB7C0D7B-A4DC-4467-AB6F-79A0C5729F1E}.Debug|Any CPU.ActiveCfg = Debug|Any CPU
		{EB7C0D7B-A4DC-4467-AB6F-79A0C5729F1E}.Debug|Any CPU.Build.0 = Debug|Any CPU
		{EB7C0D7B-A4DC-4467-AB6F-79A0C5729F1E}.Release|Any CPU.ActiveCfg = Release|Any CPU
		{EB7C0D7B-A4DC-4467-AB6F-79A0C5729F1E}.Release|Any CPU.Build.0 = Release|Any CPU
		{E929C743-5DCA-4FDC-A6CE-73A436B1783B}.Debug|Any CPU.ActiveCfg = Debug|Any CPU
		{E929C743-5DCA-4FDC-A6CE-73A436B1783B}.Debug|Any CPU.Build.0 = Debug|Any CPU
		{E929C743-5DCA-4FDC-A6CE-73A436B1783B}.Release|Any CPU.ActiveCfg = Release|Any CPU
		{E929C743-5DCA-4FDC-A6CE-73A436B1783B}.Release|Any CPU.Build.0 = Release|Any CPU
	EndGlobalSection
	GlobalSection(SolutionProperties) = preSolution
		HideSolutionNode = FALSE
	EndGlobalSection
	GlobalSection(ExtensibilityGlobals) = postSolution
		SolutionGuid = {FCA1E58E-51A5-4AED-93EE-70A386817B25}
	EndGlobalSection
EndGlobal
